<?xml version="1.0" encoding="utf-8"?>
<Project ToolsVersion="4.0" xmlns="http://schemas.microsoft.com/developer/msbuild/2003">
  <ItemGroup>
    <Filter Include="Source Files">
      <UniqueIdentifier>{4FC737F1-C7A5-4376-A066-2A32D752A2FF}</UniqueIdentifier>
      <Extensions>cpp;c;cc;cxx;def;odl;idl;hpj;bat;asm;asmx</Extensions>
    </Filter>
    <Filter Include="Header Files">
      <UniqueIdentifier>{93995380-89BD-4b04-88EB-625FBE52EBFB}</UniqueIdentifier>
      <Extensions>h;hpp;hxx;hm;inl;inc;xsd</Extensions>
    </Filter>
    <Filter Include="Resource Files">
      <UniqueIdentifier>{67DA6AB6-F800-4c08-8B7A-83BB121AAD01}</UniqueIdentifier>
      <Extensions>rc;ico;cur;bmp;dlg;rc2;rct;bin;rgs;gif;jpg;jpeg;jpe;resx;tiff;tif;png;wav;mfcribbon-ms</Extensions>
    </Filter>
  </ItemGroup>
  <ItemGroup>
    <None Include="ReadMe.txt" />
  </ItemGroup>
  <ItemGroup>
    <ClInclude Include="stdafx.h">
      <Filter>Header Files</Filter>
    </ClInclude>
    <ClInclude Include="targetver.h">
      <Filter>Header Files</Filter>
    </ClInclude>
    <ClInclude Include="Integrator.h">
      <Filter>Header Files</Filter>
    </ClInclude>
    <ClInclude Include="DoublePendulum.h">
      <Filter>Header Files</Filter>
    </ClInclude>
    <ClInclude Include="HeatEquation.h">
      <Filter>Header Files</Filter>
    </ClInclude>
    <ClInclude Include="MolDyn.h">
      <Filter>Header Files</Filter>
    </ClInclude>
    <ClInclude Include="matrix2d.h">
      <Filter>Header Files</Filter>
    </ClInclude>
    <ClInclude Include="StatSchrodEq.h">
      <Filter>Header Files</Filter>
    </ClInclude>
    <ClInclude Include="PoissonEq.h">
      <Filter>Header Files</Filter>
    </ClInclude>
    <ClInclude Include="TdHeatEq.h">
      <Filter>Header Files</Filter>
    </ClInclude>
    <ClInclude Include="TdWaveEq.h">
      <Filter>Header Files</Filter>
    </ClInclude>
    <ClInclude Include="TdSchrodEq.h">
      <Filter>Header Files</Filter>
    </ClInclude>
    <ClInclude Include="SteepDesc.h">
      <Filter>Header Files</Filter>
    </ClInclude>
    <ClInclude Include="ConjGrad.h">
      <Filter>Header Files</Filter>
    </ClInclude>
    <ClInclude Include="LCGenerator.h">
      <Filter>Header Files</Filter>
    </ClInclude>
    <ClInclude Include="InversTransSamp.h">
      <Filter>Header Files</Filter>
    </ClInclude>
    <ClInclude Include="RejectSamp.h">
      <Filter>Header Files</Filter>
    </ClInclude>
    <ClInclude Include="Problems.h">
      <Filter>Header Files</Filter>
    </ClInclude>
    <ClInclude Include="Ising.h">
      <Filter>Header Files</Filter>
    </ClInclude>
    <ClInclude Include="RandWalk.h">
      <Filter>Header Files</Filter>
    </ClInclude>
    <ClInclude Include="OrnsteinUhlenbeck.h">
      <Filter>Header Files</Filter>
    </ClInclude>
    <ClInclude Include="Levy.h">
      <Filter>Header Files</Filter>
    </ClInclude>
    <ClInclude Include="FractRandWalk.h">
      <Filter>Header Files</Filter>
    </ClInclude>
    <ClInclude Include="FractLevy.h">
      <Filter>Header Files</Filter>
    </ClInclude>
    <ClInclude Include="PottsModel.h">
      <Filter>Header Files</Filter>
    </ClInclude>
    <ClInclude Include="TravSalesMan.h">
      <Filter>Header Files</Filter>
    </ClInclude>
    <ClInclude Include="GeneticAlgTSP.h">
      <Filter>Header Files</Filter>
    </ClInclude>
    <ClInclude Include="NormDist.h">
      <Filter>Header Files</Filter>
    </ClInclude>
  </ItemGroup>
  <ItemGroup>
    <ClCompile Include="stdafx.cpp">
      <Filter>Source Files</Filter>
    </ClCompile>
    <ClCompile Include="Problems.cpp">
      <Filter>Source Files</Filter>
    </ClCompile>
    <ClCompile Include="Integrator.cpp">
      <Filter>Source Files</Filter>
    </ClCompile>
    <ClCompile Include="DoublePendulum.cpp">
      <Filter>Source Files</Filter>
    </ClCompile>
    <ClCompile Include="HeatEquation.cpp">
      <Filter>Source Files</Filter>
    </ClCompile>
    <ClCompile Include="MolDyn.cpp">
      <Filter>Source Files</Filter>
    </ClCompile>
    <ClCompile Include="StatSchrodEq.cpp">
      <Filter>Source Files</Filter>
    </ClCompile>
    <ClCompile Include="PoissonEq.cpp">
      <Filter>Source Files</Filter>
    </ClCompile>
    <ClCompile Include="TdHeatEq.cpp">
      <Filter>Source Files</Filter>
    </ClCompile>
    <ClCompile Include="TdWaveEq.cpp">
      <Filter>Source Files</Filter>
    </ClCompile>
    <ClCompile Include="TdSchrodEq.cpp">
      <Filter>Source Files</Filter>
    </ClCompile>
    <ClCompile Include="SteepDesc.cpp">
      <Filter>Source Files</Filter>
    </ClCompile>
    <ClCompile Include="ConjGrad.cpp">
      <Filter>Source Files</Filter>
    </ClCompile>
    <ClCompile Include="LCGenerator.cpp">
      <Filter>Source Files</Filter>
    </ClCompile>
    <ClCompile Include="InversTransSamp.cpp">
      <Filter>Source Files</Filter>
    </ClCompile>
    <ClCompile Include="RejectSamp.cpp">
      <Filter>Source Files</Filter>
    </ClCompile>
    <ClCompile Include="ExecKepler.cpp">
      <Filter>Source Files</Filter>
    </ClCompile>
    <ClCompile Include="ExecDoubPend.cpp">
      <Filter>Source Files</Filter>
    </ClCompile>
    <ClCompile Include="ExecStatHeatEq.cpp">
      <Filter>Source Files</Filter>
    </ClCompile>
    <ClCompile Include="ExecMolDyn.cpp">
      <Filter>Source Files</Filter>
    </ClCompile>
    <ClCompile Include="ExecStatSchrEq.cpp">
      <Filter>Source Files</Filter>
    </ClCompile>
    <ClCompile Include="ExecPoisEq.cpp">
      <Filter>Source Files</Filter>
    </ClCompile>
    <ClCompile Include="ExecTdHeatEq.cpp">
      <Filter>Source Files</Filter>
    </ClCompile>
    <ClCompile Include="ExecTdWavEq.cpp">
      <Filter>Source Files</Filter>
    </ClCompile>
    <ClCompile Include="ExecTdSchrEq.cpp">
      <Filter>Source Files</Filter>
    </ClCompile>
    <ClCompile Include="ExecSteepDesc.cpp">
      <Filter>Source Files</Filter>
    </ClCompile>
    <ClCompile Include="ExecConjGrad.cpp">
      <Filter>Source Files</Filter>
    </ClCompile>
    <ClCompile Include="ExecLCGen.cpp">
      <Filter>Source Files</Filter>
    </ClCompile>
    <ClCompile Include="ExecRejSamp.cpp">
      <Filter>Source Files</Filter>
    </ClCompile>
    <ClCompile Include="Ising.cpp">
      <Filter>Source Files</Filter>
    </ClCompile>
    <ClCompile Include="ExecIsing.cpp">
      <Filter>Source Files</Filter>
    </ClCompile>
    <ClCompile Include="ExecWienProc.cpp">
      <Filter>Source Files</Filter>
    </ClCompile>
    <ClCompile Include="ExecPoissonProc.cpp">
      <Filter>Source Files</Filter>
    </ClCompile>
    <ClCompile Include="RandWalk.cpp">
      <Filter>Source Files</Filter>
    </ClCompile>
    <ClCompile Include="ExecRandWalk.cpp">
      <Filter>Source Files</Filter>
    </ClCompile>
    <ClCompile Include="OrnsteinUhlenbeck.cpp">
      <Filter>Source Files</Filter>
    </ClCompile>
    <ClCompile Include="ExecOrnUhl.cpp">
      <Filter>Source Files</Filter>
    </ClCompile>
    <ClCompile Include="Levy.cpp">
      <Filter>Source Files</Filter>
    </ClCompile>
    <ClCompile Include="ExecLevy.cpp">
      <Filter>Source Files</Filter>
    </ClCompile>
    <ClCompile Include="FractRandWalk.cpp">
      <Filter>Source Files</Filter>
    </ClCompile>
    <ClCompile Include="FractLevy.cpp">
      <Filter>Source Files</Filter>
    </ClCompile>
    <ClCompile Include="ExecFractLevy.cpp">
      <Filter>Source Files</Filter>
    </ClCompile>
    <ClCompile Include="ExecFractRWalk.cpp">
      <Filter>Source Files</Filter>
    </ClCompile>
    <ClCompile Include="PottsModel.cpp">
      <Filter>Source Files</Filter>
    </ClCompile>
    <ClCompile Include="ExecPottsMod.cpp">
      <Filter>Source Files</Filter>
    </ClCompile>
    <ClCompile Include="TravSalesMan.cpp">
      <Filter>Source Files</Filter>
    </ClCompile>
    <ClCompile Include="ExecTravSalesMan.cpp">
      <Filter>Source Files</Filter>
    </ClCompile>
    <ClCompile Include="GeneticAlgTSP.cpp">
      <Filter>Source Files</Filter>
    </ClCompile>
    <ClCompile Include="ExecGenetAlgTSP.cpp">
      <Filter>Source Files</Filter>
    </ClCompile>
    <ClCompile Include="NormDist.cpp">
      <Filter>Source Files</Filter>
    </ClCompile>
    <ClCompile Include="ExecNormDist.cpp">
      <Filter>Source Files</Filter>
    </ClCompile>
    <ClCompile Include="ExecInvTransSamp.cpp">
      <Filter>Source Files</Filter>
    </ClCompile>
  </ItemGroup>
</Project>